
Microsoft Visual Studio Solution File, Format Version 12.00
# Visual Studio 15
VisualStudioVersion = 15.0.28010.2036
MinimumVisualStudioVersion = 10.0.40219.1
Project("{159641D6-6404-4A2A-AE62-294DE0FE8301}") = "PoC", "PoC\PoC.dtproj", "{218F6351-6915-4D30-AE45-3510C8811B37}"
EndProject
Global
	GlobalSection(SolutionConfigurationPlatforms) = preSolution
		Development|Default = Development|Default
	EndGlobalSection
	GlobalSection(ProjectConfigurationPlatforms) = postSolution
		{218F6351-6915-4D30-AE45-3510C8811B37}.Development|Default.ActiveCfg = Development
		{218F6351-6915-4D30-AE45-3510C8811B37}.Development|Default.Build.0 = Development
	EndGlobalSection
	GlobalSection(SolutionProperties) = preSolution
		HideSolutionNode = FALSE
	EndGlobalSection
	GlobalSection(ExtensibilityGlobals) = postSolution
		SolutionGuid = {96BB8A69-D925-467C-83F0-7335E3011C5D}
	EndGlobalSection
EndGlobal
